// !$*UTF8*$!
{
	archiveVersion = 1;
	classes = {
	};
	objectVersion = 50;
	objects = {

/* Begin PBXBuildFile section */
		BD650E2C2311F01C002E7A29 /* SummaryHeaderView.swift in Sources */ = {isa = PBXBuildFile; fileRef = BD650E2B2311F01C002E7A29 /* SummaryHeaderView.swift */; };
		BD650E2E2311F022002E7A29 /* SummaryHeaderView.xib in Resources */ = {isa = PBXBuildFile; fileRef = BD650E2D2311F022002E7A29 /* SummaryHeaderView.xib */; };
		BD650E302311F215002E7A29 /* DayOfWeekWeatherCell.swift in Sources */ = {isa = PBXBuildFile; fileRef = BD650E2F2311F215002E7A29 /* DayOfWeekWeatherCell.swift */; };
		BD650E322311F230002E7A29 /* DayOfWeekWeatherCell.xib in Resources */ = {isa = PBXBuildFile; fileRef = BD650E312311F230002E7A29 /* DayOfWeekWeatherCell.xib */; };
		BD650E342311F483002E7A29 /* NibLoadable.swift in Sources */ = {isa = PBXBuildFile; fileRef = BD650E332311F483002E7A29 /* NibLoadable.swift */; };
		BD650E382311F5FD002E7A29 /* TimeSlotHorizontalContainerCell.xib in Resources */ = {isa = PBXBuildFile; fileRef = BD650E372311F5FD002E7A29 /* TimeSlotHorizontalContainerCell.xib */; };
		BD650E3B23120338002E7A29 /* UIImage+Resize.swift in Sources */ = {isa = PBXBuildFile; fileRef = BD650E3A23120338002E7A29 /* UIImage+Resize.swift */; };
		BD650E3D23120ACA002E7A29 /* UIView+AutoLayout.swift in Sources */ = {isa = PBXBuildFile; fileRef = BD650E3C23120ACA002E7A29 /* UIView+AutoLayout.swift */; };
		BD650E3F23122F18002E7A29 /* UICollectionView+Cell.swift in Sources */ = {isa = PBXBuildFile; fileRef = BD650E3E23122F18002E7A29 /* UICollectionView+Cell.swift */; };
		BD650E42231231C4002E7A29 /* WeatherHeader.swift in Sources */ = {isa = PBXBuildFile; fileRef = BD650E41231231C4002E7A29 /* WeatherHeader.swift */; };
		BD650E44231231D5002E7A29 /* WeatherDaySlot.swift in Sources */ = {isa = PBXBuildFile; fileRef = BD650E43231231D5002E7A29 /* WeatherDaySlot.swift */; };
		BD650E46231231EB002E7A29 /* DayOfWeek.swift in Sources */ = {isa = PBXBuildFile; fileRef = BD650E45231231EB002E7A29 /* DayOfWeek.swift */; };
		BD650E4B23123448002E7A29 /* SectionModelType.swift in Sources */ = {isa = PBXBuildFile; fileRef = BD650E4A23123448002E7A29 /* SectionModelType.swift */; };
		BD650E4F23123540002E7A29 /* TimeSlotWeatherCell.swift in Sources */ = {isa = PBXBuildFile; fileRef = BD650E4E23123540002E7A29 /* TimeSlotWeatherCell.swift */; };
		BD650E52231235AD002E7A29 /* TimeSlotWeatherCell.xib in Resources */ = {isa = PBXBuildFile; fileRef = BD650E51231235AD002E7A29 /* TimeSlotWeatherCell.xib */; };
		BD650E54231238DC002E7A29 /* WeatherTimeSlot.swift in Sources */ = {isa = PBXBuildFile; fileRef = BD650E53231238DC002E7A29 /* WeatherTimeSlot.swift */; };
		BD650E5823125744002E7A29 /* Sections.swift in Sources */ = {isa = PBXBuildFile; fileRef = BD650E5723125744002E7A29 /* Sections.swift */; };
		BD650E5A23125757002E7A29 /* CellAdapter.swift in Sources */ = {isa = PBXBuildFile; fileRef = BD650E5923125757002E7A29 /* CellAdapter.swift */; };
		BDAF2F5B231199EE0082D3AC /* AppDelegate.swift in Sources */ = {isa = PBXBuildFile; fileRef = BDAF2F5A231199EE0082D3AC /* AppDelegate.swift */; };
		BDAF2F5D231199EE0082D3AC /* ViewController.swift in Sources */ = {isa = PBXBuildFile; fileRef = BDAF2F5C231199EE0082D3AC /* ViewController.swift */; };
		BDAF2F60231199EE0082D3AC /* Main.storyboard in Resources */ = {isa = PBXBuildFile; fileRef = BDAF2F5E231199EE0082D3AC /* Main.storyboard */; };
		BDAF2F63231199EE0082D3AC /* StretchHeaderTutirial.xcdatamodeld in Sources */ = {isa = PBXBuildFile; fileRef = BDAF2F61231199EE0082D3AC /* StretchHeaderTutirial.xcdatamodeld */; };
		BDAF2F65231199EF0082D3AC /* Assets.xcassets in Resources */ = {isa = PBXBuildFile; fileRef = BDAF2F64231199EF0082D3AC /* Assets.xcassets */; };
		BDAF2F68231199EF0082D3AC /* LaunchScreen.storyboard in Resources */ = {isa = PBXBuildFile; fileRef = BDAF2F66231199EF0082D3AC /* LaunchScreen.storyboard */; };
		BDAF2F73231199EF0082D3AC /* StretchHeaderTutirialTests.swift in Sources */ = {isa = PBXBuildFile; fileRef = BDAF2F72231199EF0082D3AC /* StretchHeaderTutirialTests.swift */; };
		BDAF2F7F23119F8F0082D3AC /* DayOfWeekWeatherView.swift in Sources */ = {isa = PBXBuildFile; fileRef = BDAF2F7E23119F8F0082D3AC /* DayOfWeekWeatherView.swift */; };
		BDAF2F8123119FAD0082D3AC /* DayOfWeekWeatherView.xib in Resources */ = {isa = PBXBuildFile; fileRef = BDAF2F8023119FAD0082D3AC /* DayOfWeekWeatherView.xib */; };
		BDAF2F842311A2B50082D3AC /* NibForName.swift in Sources */ = {isa = PBXBuildFile; fileRef = BDAF2F832311A2B50082D3AC /* NibForName.swift */; };
		BDAF2F862311A8710082D3AC /* TimeSlotHorizontalContainerCell.swift in Sources */ = {isa = PBXBuildFile; fileRef = BDAF2F852311A8710082D3AC /* TimeSlotHorizontalContainerCell.swift */; };
/* End PBXBuildFile section */

/* Begin PBXContainerItemProxy section */
		BDAF2F6F231199EF0082D3AC /* PBXContainerItemProxy */ = {
			isa = PBXContainerItemProxy;
			containerPortal = BDAF2F4F231199EE0082D3AC /* Project object */;
			proxyType = 1;
			remoteGlobalIDString = BDAF2F56231199EE0082D3AC;
			remoteInfo = StretchHeaderTutirial;
		};
/* End PBXContainerItemProxy section */

/* Begin PBXFileReference section */
		BD650E2B2311F01C002E7A29 /* SummaryHeaderView.swift */ = {isa = PBXFileReference; lastKnownFileType = sourcecode.swift; path = SummaryHeaderView.swift; sourceTree = "<group>"; };
		BD650E2D2311F022002E7A29 /* SummaryHeaderView.xib */ = {isa = PBXFileReference; lastKnownFileType = file.xib; path = SummaryHeaderView.xib; sourceTree = "<group>"; };
		BD650E2F2311F215002E7A29 /* DayOfWeekWeatherCell.swift */ = {isa = PBXFileReference; lastKnownFileType = sourcecode.swift; path = DayOfWeekWeatherCell.swift; sourceTree = "<group>"; };
		BD650E312311F230002E7A29 /* DayOfWeekWeatherCell.xib */ = {isa = PBXFileReference; lastKnownFileType = file.xib; path = DayOfWeekWeatherCell.xib; sourceTree = "<group>"; };
		BD650E332311F483002E7A29 /* NibLoadable.swift */ = {isa = PBXFileReference; lastKnownFileType = sourcecode.swift; path = NibLoadable.swift; sourceTree = "<group>"; };
		BD650E372311F5FD002E7A29 /* TimeSlotHorizontalContainerCell.xib */ = {isa = PBXFileReference; lastKnownFileType = file.xib; path = TimeSlotHorizontalContainerCell.xib; sourceTree = "<group>"; };
		BD650E3A23120338002E7A29 /* UIImage+Resize.swift */ = {isa = PBXFileReference; lastKnownFileType = sourcecode.swift; path = "UIImage+Resize.swift"; sourceTree = "<group>"; };
		BD650E3C23120ACA002E7A29 /* UIView+AutoLayout.swift */ = {isa = PBXFileReference; lastKnownFileType = sourcecode.swift; path = "UIView+AutoLayout.swift"; sourceTree = "<group>"; };
		BD650E3E23122F18002E7A29 /* UICollectionView+Cell.swift */ = {isa = PBXFileReference; lastKnownFileType = sourcecode.swift; path = "UICollectionView+Cell.swift"; sourceTree = "<group>"; };
		BD650E41231231C4002E7A29 /* WeatherHeader.swift */ = {isa = PBXFileReference; lastKnownFileType = sourcecode.swift; path = WeatherHeader.swift; sourceTree = "<group>"; };
		BD650E43231231D5002E7A29 /* WeatherDaySlot.swift */ = {isa = PBXFileReference; lastKnownFileType = sourcecode.swift; path = WeatherDaySlot.swift; sourceTree = "<group>"; };
		BD650E45231231EB002E7A29 /* DayOfWeek.swift */ = {isa = PBXFileReference; lastKnownFileType = sourcecode.swift; path = DayOfWeek.swift; sourceTree = "<group>"; };
		BD650E4A23123448002E7A29 /* SectionModelType.swift */ = {isa = PBXFileReference; lastKnownFileType = sourcecode.swift; path = SectionModelType.swift; sourceTree = "<group>"; };
		BD650E4E23123540002E7A29 /* TimeSlotWeatherCell.swift */ = {isa = PBXFileReference; lastKnownFileType = sourcecode.swift; path = TimeSlotWeatherCell.swift; sourceTree = "<group>"; };
		BD650E51231235AD002E7A29 /* TimeSlotWeatherCell.xib */ = {isa = PBXFileReference; lastKnownFileType = file.xib; path = TimeSlotWeatherCell.xib; sourceTree = "<group>"; };
		BD650E53231238DC002E7A29 /* WeatherTimeSlot.swift */ = {isa = PBXFileReference; lastKnownFileType = sourcecode.swift; path = WeatherTimeSlot.swift; sourceTree = "<group>"; };
		BD650E5723125744002E7A29 /* Sections.swift */ = {isa = PBXFileReference; lastKnownFileType = sourcecode.swift; path = Sections.swift; sourceTree = "<group>"; };
		BD650E5923125757002E7A29 /* CellAdapter.swift */ = {isa = PBXFileReference; lastKnownFileType = sourcecode.swift; path = CellAdapter.swift; sourceTree = "<group>"; };
		BDAF2F57231199EE0082D3AC /* StretchHeaderTutirial.app */ = {isa = PBXFileReference; explicitFileType = wrapper.application; includeInIndex = 0; path = StretchHeaderTutirial.app; sourceTree = BUILT_PRODUCTS_DIR; };
		BDAF2F5A231199EE0082D3AC /* AppDelegate.swift */ = {isa = PBXFileReference; lastKnownFileType = sourcecode.swift; path = AppDelegate.swift; sourceTree = "<group>"; };
		BDAF2F5C231199EE0082D3AC /* ViewController.swift */ = {isa = PBXFileReference; lastKnownFileType = sourcecode.swift; path = ViewController.swift; sourceTree = "<group>"; };
		BDAF2F5F231199EE0082D3AC /* Base */ = {isa = PBXFileReference; lastKnownFileType = file.storyboard; name = Base; path = Base.lproj/Main.storyboard; sourceTree = "<group>"; };
		BDAF2F62231199EE0082D3AC /* StretchHeaderTutirial.xcdatamodel */ = {isa = PBXFileReference; lastKnownFileType = wrapper.xcdatamodel; path = StretchHeaderTutirial.xcdatamodel; sourceTree = "<group>"; };
		BDAF2F64231199EF0082D3AC /* Assets.xcassets */ = {isa = PBXFileReference; lastKnownFileType = folder.assetcatalog; path = Assets.xcassets; sourceTree = "<group>"; };
		BDAF2F67231199EF0082D3AC /* Base */ = {isa = PBXFileReference; lastKnownFileType = file.storyboard; name = Base; path = Base.lproj/LaunchScreen.storyboard; sourceTree = "<group>"; };
		BDAF2F69231199EF0082D3AC /* Info.plist */ = {isa = PBXFileReference; lastKnownFileType = text.plist.xml; path = Info.plist; sourceTree = "<group>"; };
		BDAF2F6E231199EF0082D3AC /* StretchHeaderTutirialTests.xctest */ = {isa = PBXFileReference; explicitFileType = wrapper.cfbundle; includeInIndex = 0; path = StretchHeaderTutirialTests.xctest; sourceTree = BUILT_PRODUCTS_DIR; };
		BDAF2F72231199EF0082D3AC /* StretchHeaderTutirialTests.swift */ = {isa = PBXFileReference; lastKnownFileType = sourcecode.swift; path = StretchHeaderTutirialTests.swift; sourceTree = "<group>"; };
		BDAF2F74231199EF0082D3AC /* Info.plist */ = {isa = PBXFileReference; lastKnownFileType = text.plist.xml; path = Info.plist; sourceTree = "<group>"; };
		BDAF2F7E23119F8F0082D3AC /* DayOfWeekWeatherView.swift */ = {isa = PBXFileReference; lastKnownFileType = sourcecode.swift; path = DayOfWeekWeatherView.swift; sourceTree = "<group>"; };
		BDAF2F8023119FAD0082D3AC /* DayOfWeekWeatherView.xib */ = {isa = PBXFileReference; lastKnownFileType = file.xib; path = DayOfWeekWeatherView.xib; sourceTree = "<group>"; };
		BDAF2F832311A2B50082D3AC /* NibForName.swift */ = {isa = PBXFileReference; lastKnownFileType = sourcecode.swift; path = NibForName.swift; sourceTree = "<group>"; };
		BDAF2F852311A8710082D3AC /* TimeSlotHorizontalContainerCell.swift */ = {isa = PBXFileReference; lastKnownFileType = sourcecode.swift; path = TimeSlotHorizontalContainerCell.swift; sourceTree = "<group>"; };
/* End PBXFileReference section */

/* Begin PBXFrameworksBuildPhase section */
		BDAF2F54231199EE0082D3AC /* Frameworks */ = {
			isa = PBXFrameworksBuildPhase;
			buildActionMask = 2147483647;
			files = (
			);
			runOnlyForDeploymentPostprocessing = 0;
		};
		BDAF2F6B231199EF0082D3AC /* Frameworks */ = {
			isa = PBXFrameworksBuildPhase;
			buildActionMask = 2147483647;
			files = (
			);
			runOnlyForDeploymentPostprocessing = 0;
		};
/* End PBXFrameworksBuildPhase section */

/* Begin PBXGroup section */
		BD650E392312032D002E7A29 /* Extensions */ = {
			isa = PBXGroup;
			children = (
				BD650E3A23120338002E7A29 /* UIImage+Resize.swift */,
				BD650E3C23120ACA002E7A29 /* UIView+AutoLayout.swift */,
				BD650E3E23122F18002E7A29 /* UICollectionView+Cell.swift */,
			);
			path = Extensions;
			sourceTree = "<group>";
		};
		BD650E40231231BF002E7A29 /* Model */ = {
			isa = PBXGroup;
			children = (
				BD650E41231231C4002E7A29 /* WeatherHeader.swift */,
				BD650E53231238DC002E7A29 /* WeatherTimeSlot.swift */,
				BD650E43231231D5002E7A29 /* WeatherDaySlot.swift */,
				BD650E45231231EB002E7A29 /* DayOfWeek.swift */,
				BD650E5723125744002E7A29 /* Sections.swift */,
			);
			path = Model;
			sourceTree = "<group>";
		};
		BD650E4723123239002E7A29 /* Common */ = {
			isa = PBXGroup;
			children = (
				BD650E4A23123448002E7A29 /* SectionModelType.swift */,
				BD650E5923125757002E7A29 /* CellAdapter.swift */,
			);
			path = Common;
			sourceTree = "<group>";
		};
		BD650E502312358B002E7A29 /* Slot */ = {
			isa = PBXGroup;
			children = (
				BDAF2F852311A8710082D3AC /* TimeSlotHorizontalContainerCell.swift */,
				BD650E372311F5FD002E7A29 /* TimeSlotHorizontalContainerCell.xib */,
				BD650E4E23123540002E7A29 /* TimeSlotWeatherCell.swift */,
				BD650E51231235AD002E7A29 /* TimeSlotWeatherCell.xib */,
			);
			path = Slot;
			sourceTree = "<group>";
		};
		BDAF2F4E231199EE0082D3AC = {
			isa = PBXGroup;
			children = (
				BDAF2F59231199EE0082D3AC /* StretchHeaderTutirial */,
				BDAF2F71231199EF0082D3AC /* StretchHeaderTutirialTests */,
				BDAF2F58231199EE0082D3AC /* Products */,
			);
			sourceTree = "<group>";
		};
		BDAF2F58231199EE0082D3AC /* Products */ = {
			isa = PBXGroup;
			children = (
				BDAF2F57231199EE0082D3AC /* StretchHeaderTutirial.app */,
				BDAF2F6E231199EF0082D3AC /* StretchHeaderTutirialTests.xctest */,
			);
			name = Products;
			sourceTree = "<group>";
		};
		BDAF2F59231199EE0082D3AC /* StretchHeaderTutirial */ = {
			isa = PBXGroup;
			children = (
				BD650E4723123239002E7A29 /* Common */,
				BD650E40231231BF002E7A29 /* Model */,
				BD650E392312032D002E7A29 /* Extensions */,
				BDAF2F822311A2A40082D3AC /* Utils */,
				BDAF2F7D23119F7E0082D3AC /* Views */,
				BDAF2F5A231199EE0082D3AC /* AppDelegate.swift */,
				BDAF2F5C231199EE0082D3AC /* ViewController.swift */,
				BDAF2F5E231199EE0082D3AC /* Main.storyboard */,
				BDAF2F64231199EF0082D3AC /* Assets.xcassets */,
				BDAF2F66231199EF0082D3AC /* LaunchScreen.storyboard */,
				BDAF2F69231199EF0082D3AC /* Info.plist */,
				BDAF2F61231199EE0082D3AC /* StretchHeaderTutirial.xcdatamodeld */,
			);
			path = StretchHeaderTutirial;
			sourceTree = "<group>";
		};
		BDAF2F71231199EF0082D3AC /* StretchHeaderTutirialTests */ = {
			isa = PBXGroup;
			children = (
				BDAF2F72231199EF0082D3AC /* StretchHeaderTutirialTests.swift */,
				BDAF2F74231199EF0082D3AC /* Info.plist */,
			);
			path = StretchHeaderTutirialTests;
			sourceTree = "<group>";
		};
		BDAF2F7D23119F7E0082D3AC /* Views */ = {
			isa = PBXGroup;
			children = (
				BD650E502312358B002E7A29 /* Slot */,
				BDAF2F7E23119F8F0082D3AC /* DayOfWeekWeatherView.swift */,
				BDAF2F8023119FAD0082D3AC /* DayOfWeekWeatherView.xib */,
				BD650E2B2311F01C002E7A29 /* SummaryHeaderView.swift */,
				BD650E2D2311F022002E7A29 /* SummaryHeaderView.xib */,
				BD650E2F2311F215002E7A29 /* DayOfWeekWeatherCell.swift */,
				BD650E312311F230002E7A29 /* DayOfWeekWeatherCell.xib */,
			);
			path = Views;
			sourceTree = "<group>";
		};
		BDAF2F822311A2A40082D3AC /* Utils */ = {
			isa = PBXGroup;
			children = (
				BDAF2F832311A2B50082D3AC /* NibForName.swift */,
				BD650E332311F483002E7A29 /* NibLoadable.swift */,
			);
			path = Utils;
			sourceTree = "<group>";
		};
/* End PBXGroup section */

/* Begin PBXNativeTarget section */
		BDAF2F56231199EE0082D3AC /* StretchHeaderTutirial */ = {
			isa = PBXNativeTarget;
			buildConfigurationList = BDAF2F77231199F00082D3AC /* Build configuration list for PBXNativeTarget "StretchHeaderTutirial" */;
			buildPhases = (
				BDAF2F53231199EE0082D3AC /* Sources */,
				BDAF2F54231199EE0082D3AC /* Frameworks */,
				BDAF2F55231199EE0082D3AC /* Resources */,
			);
			buildRules = (
			);
			dependencies = (
			);
			name = StretchHeaderTutirial;
			productName = StretchHeaderTutirial;
			productReference = BDAF2F57231199EE0082D3AC /* StretchHeaderTutirial.app */;
			productType = "com.apple.product-type.application";
		};
		BDAF2F6D231199EF0082D3AC /* StretchHeaderTutirialTests */ = {
			isa = PBXNativeTarget;
			buildConfigurationList = BDAF2F7A231199F00082D3AC /* Build configuration list for PBXNativeTarget "StretchHeaderTutirialTests" */;
			buildPhases = (
				BDAF2F6A231199EF0082D3AC /* Sources */,
				BDAF2F6B231199EF0082D3AC /* Frameworks */,
				BDAF2F6C231199EF0082D3AC /* Resources */,
			);
			buildRules = (
			);
			dependencies = (
				BDAF2F70231199EF0082D3AC /* PBXTargetDependency */,
			);
			name = StretchHeaderTutirialTests;
			productName = StretchHeaderTutirialTests;
			productReference = BDAF2F6E231199EF0082D3AC /* StretchHeaderTutirialTests.xctest */;
			productType = "com.apple.product-type.bundle.unit-test";
		};
/* End PBXNativeTarget section */

/* Begin PBXProject section */
		BDAF2F4F231199EE0082D3AC /* Project object */ = {
			isa = PBXProject;
			attributes = {
				LastSwiftUpdateCheck = 1030;
				LastUpgradeCheck = 1030;
				ORGANIZATIONNAME = hucet;
				TargetAttributes = {
					BDAF2F56231199EE0082D3AC = {
						CreatedOnToolsVersion = 10.3;
					};
					BDAF2F6D231199EF0082D3AC = {
						CreatedOnToolsVersion = 10.3;
						TestTargetID = BDAF2F56231199EE0082D3AC;
					};
				};
			};
			buildConfigurationList = BDAF2F52231199EE0082D3AC /* Build configuration list for PBXProject "StretchHeaderTutirial" */;
			compatibilityVersion = "Xcode 9.3";
			developmentRegion = en;
			hasScannedForEncodings = 0;
			knownRegions = (
				en,
				Base,
			);
			mainGroup = BDAF2F4E231199EE0082D3AC;
			productRefGroup = BDAF2F58231199EE0082D3AC /* Products */;
			projectDirPath = "";
			projectRoot = "";
			targets = (
				BDAF2F56231199EE0082D3AC /* StretchHeaderTutirial */,
				BDAF2F6D231199EF0082D3AC /* StretchHeaderTutirialTests */,
			);
		};
/* End PBXProject section */

/* Begin PBXResourcesBuildPhase section */
		BDAF2F55231199EE0082D3AC /* Resources */ = {
			isa = PBXResourcesBuildPhase;
			buildActionMask = 2147483647;
			files = (
				BDAF2F68231199EF0082D3AC /* LaunchScreen.storyboard in Resources */,
				BD650E382311F5FD002E7A29 /* TimeSlotHorizontalContainerCell.xib in Resources */,
				BDAF2F65231199EF0082D3AC /* Assets.xcassets in Resources */,
				BD650E2E2311F022002E7A29 /* SummaryHeaderView.xib in Resources */,
				BDAF2F8123119FAD0082D3AC /* DayOfWeekWeatherView.xib in Resources */,
				BD650E322311F230002E7A29 /* DayOfWeekWeatherCell.xib in Resources */,
				BD650E52231235AD002E7A29 /* TimeSlotWeatherCell.xib in Resources */,
				BDAF2F60231199EE0082D3AC /* Main.storyboard in Resources */,
			);
			runOnlyForDeploymentPostprocessing = 0;
		};
		BDAF2F6C231199EF0082D3AC /* Resources */ = {
			isa = PBXResourcesBuildPhase;
			buildActionMask = 2147483647;
			files = (
			);
			runOnlyForDeploymentPostprocessing = 0;
		};
/* End PBXResourcesBuildPhase section */

/* Begin PBXSourcesBuildPhase section */
		BDAF2F53231199EE0082D3AC /* Sources */ = {
			isa = PBXSourcesBuildPhase;
			buildActionMask = 2147483647;
			files = (
				BDAF2F5D231199EE0082D3AC /* ViewController.swift in Sources */,
				BD650E42231231C4002E7A29 /* WeatherHeader.swift in Sources */,
				BD650E4F23123540002E7A29 /* TimeSlotWeatherCell.swift in Sources */,
				BD650E302311F215002E7A29 /* DayOfWeekWeatherCell.swift in Sources */,
				BDAF2F842311A2B50082D3AC /* NibForName.swift in Sources */,
				BD650E3B23120338002E7A29 /* UIImage+Resize.swift in Sources */,
				BD650E342311F483002E7A29 /* NibLoadable.swift in Sources */,
				BD650E46231231EB002E7A29 /* DayOfWeek.swift in Sources */,
				BDAF2F7F23119F8F0082D3AC /* DayOfWeekWeatherView.swift in Sources */,
				BD650E3F23122F18002E7A29 /* UICollectionView+Cell.swift in Sources */,
				BDAF2F63231199EE0082D3AC /* StretchHeaderTutirial.xcdatamodeld in Sources */,
				BD650E5A23125757002E7A29 /* CellAdapter.swift in Sources */,
				BD650E5823125744002E7A29 /* Sections.swift in Sources */,
				BD650E44231231D5002E7A29 /* WeatherDaySlot.swift in Sources */,
				BD650E54231238DC002E7A29 /* WeatherTimeSlot.swift in Sources */,
				BDAF2F862311A8710082D3AC /* TimeSlotHorizontalContainerCell.swift in Sources */,
				BDAF2F5B231199EE0082D3AC /* AppDelegate.swift in Sources */,
				BD650E3D23120ACA002E7A29 /* UIView+AutoLayout.swift in Sources */,
				BD650E4B23123448002E7A29 /* SectionModelType.swift in Sources */,
				BD650E2C2311F01C002E7A29 /* SummaryHeaderView.swift in Sources */,
			);
			runOnlyForDeploymentPostprocessing = 0;
		};
		BDAF2F6A231199EF0082D3AC /* Sources */ = {
			isa = PBXSourcesBuildPhase;
			buildActionMask = 2147483647;
			files = (
				BDAF2F73231199EF0082D3AC /* StretchHeaderTutirialTests.swift in Sources */,
			);
			runOnlyForDeploymentPostprocessing = 0;
		};
/* End PBXSourcesBuildPhase section */

/* Begin PBXTargetDependency section */
		BDAF2F70231199EF0082D3AC /* PBXTargetDependency */ = {
			isa = PBXTargetDependency;
			target = BDAF2F56231199EE0082D3AC /* StretchHeaderTutirial */;
			targetProxy = BDAF2F6F231199EF0082D3AC /* PBXContainerItemProxy */;
		};
/* End PBXTargetDependency section */

/* Begin PBXVariantGroup section */
		BDAF2F5E231199EE0082D3AC /* Main.storyboard */ = {
			isa = PBXVariantGroup;
			children = (
				BDAF2F5F231199EE0082D3AC /* Base */,
			);
			name = Main.storyboard;
			sourceTree = "<group>";
		};
		BDAF2F66231199EF0082D3AC /* LaunchScreen.storyboard */ = {
			isa = PBXVariantGroup;
			children = (
				BDAF2F67231199EF0082D3AC /* Base */,
			);
			name = LaunchScreen.storyboard;
			sourceTree = "<group>";
		};
/* End PBXVariantGroup section */

/* Begin XCBuildConfiguration section */
		BDAF2F75231199F00082D3AC /* Debug */ = {
			isa = XCBuildConfiguration;
			buildSettings = {
				ALWAYS_SEARCH_USER_PATHS = NO;
				CLANG_ANALYZER_NONNULL = YES;
				CLANG_ANALYZER_NUMBER_OBJECT_CONVERSION = YES_AGGRESSIVE;
				CLANG_CXX_LANGUAGE_STANDARD = "gnu++14";
				CLANG_CXX_LIBRARY = "libc++";
				CLANG_ENABLE_MODULES = YES;
				CLANG_ENABLE_OBJC_ARC = YES;
				CLANG_ENABLE_OBJC_WEAK = YES;
				CLANG_WARN_BLOCK_CAPTURE_AUTORELEASING = YES;
				CLANG_WARN_BOOL_CONVERSION = YES;
				CLANG_WARN_COMMA = YES;
				CLANG_WARN_CONSTANT_CONVERSION = YES;
				CLANG_WARN_DEPRECATED_OBJC_IMPLEMENTATIONS = YES;
				CLANG_WARN_DIRECT_OBJC_ISA_USAGE = YES_ERROR;
				CLANG_WARN_DOCUMENTATION_COMMENTS = YES;
				CLANG_WARN_EMPTY_BODY = YES;
				CLANG_WARN_ENUM_CONVERSION = YES;
				CLANG_WARN_INFINITE_RECURSION = YES;
				CLANG_WARN_INT_CONVERSION = YES;
				CLANG_WARN_NON_LITERAL_NULL_CONVERSION = YES;
				CLANG_WARN_OBJC_IMPLICIT_RETAIN_SELF = YES;
				CLANG_WARN_OBJC_LITERAL_CONVERSION = YES;
				CLANG_WARN_OBJC_ROOT_CLASS = YES_ERROR;
				CLANG_WARN_RANGE_LOOP_ANALYSIS = YES;
				CLANG_WARN_STRICT_PROTOTYPES = YES;
				CLANG_WARN_SUSPICIOUS_MOVE = YES;
				CLANG_WARN_UNGUARDED_AVAILABILITY = YES_AGGRESSIVE;
				CLANG_WARN_UNREACHABLE_CODE = YES;
				CLANG_WARN__DUPLICATE_METHOD_MATCH = YES;
				CODE_SIGN_IDENTITY = "iPhone Developer";
				COPY_PHASE_STRIP = NO;
				DEBUG_INFORMATION_FORMAT = dwarf;
				ENABLE_STRICT_OBJC_MSGSEND = YES;
				ENABLE_TESTABILITY = YES;
				GCC_C_LANGUAGE_STANDARD = gnu11;
				GCC_DYNAMIC_NO_PIC = NO;
				GCC_NO_COMMON_BLOCKS = YES;
				GCC_OPTIMIZATION_LEVEL = 0;
				GCC_PREPROCESSOR_DEFINITIONS = (
					"DEBUG=1",
					"$(inherited)",
				);
				GCC_WARN_64_TO_32_BIT_CONVERSION = YES;
				GCC_WARN_ABOUT_RETURN_TYPE = YES_ERROR;
				GCC_WARN_UNDECLARED_SELECTOR = YES;
				GCC_WARN_UNINITIALIZED_AUTOS = YES_AGGRESSIVE;
				GCC_WARN_UNUSED_FUNCTION = YES;
				GCC_WARN_UNUSED_VARIABLE = YES;
				IPHONEOS_DEPLOYMENT_TARGET = 12.4;
				MTL_ENABLE_DEBUG_INFO = INCLUDE_SOURCE;
				MTL_FAST_MATH = YES;
				ONLY_ACTIVE_ARCH = YES;
				SDKROOT = iphoneos;
				SWIFT_ACTIVE_COMPILATION_CONDITIONS = DEBUG;
				SWIFT_OPTIMIZATION_LEVEL = "-Onone";
			};
			name = Debug;
		};
		BDAF2F76231199F00082D3AC /* Release */ = {
			isa = XCBuildConfiguration;
			buildSettings = {
				ALWAYS_SEARCH_USER_PATHS = NO;
				CLANG_ANALYZER_NONNULL = YES;
				CLANG_ANALYZER_NUMBER_OBJECT_CONVERSION = YES_AGGRESSIVE;
				CLANG_CXX_LANGUAGE_STANDARD = "gnu++14";
				CLANG_CXX_LIBRARY = "libc++";
				CLANG_ENABLE_MODULES = YES;
				CLANG_ENABLE_OBJC_ARC = YES;
				CLANG_ENABLE_OBJC_WEAK = YES;
				CLANG_WARN_BLOCK_CAPTURE_AUTORELEASING = YES;
				CLANG_WARN_BOOL_CONVERSION = YES;
				CLANG_WARN_COMMA = YES;
				CLANG_WARN_CONSTANT_CONVERSION = YES;
				CLANG_WARN_DEPRECATED_OBJC_IMPLEMENTATIONS = YES;
				CLANG_WARN_DIRECT_OBJC_ISA_USAGE = YES_ERROR;
				CLANG_WARN_DOCUMENTATION_COMMENTS = YES;
				CLANG_WARN_EMPTY_BODY = YES;
				CLANG_WARN_ENUM_CONVERSION = YES;
				CLANG_WARN_INFINITE_RECURSION = YES;
				CLANG_WARN_INT_CONVERSION = YES;
				CLANG_WARN_NON_LITERAL_NULL_CONVERSION = YES;
				CLANG_WARN_OBJC_IMPLICIT_RETAIN_SELF = YES;
				CLANG_WARN_OBJC_LITERAL_CONVERSION = YES;
				CLANG_WARN_OBJC_ROOT_CLASS = YES_ERROR;
				CLANG_WARN_RANGE_LOOP_ANALYSIS = YES;
				CLANG_WARN_STRICT_PROTOTYPES = YES;
				CLANG_WARN_SUSPICIOUS_MOVE = YES;
				CLANG_WARN_UNGUARDED_AVAILABILITY = YES_AGGRESSIVE;
				CLANG_WARN_UNREACHABLE_CODE = YES;
				CLANG_WARN__DUPLICATE_METHOD_MATCH = YES;
				CODE_SIGN_IDENTITY = "iPhone Developer";
				COPY_PHASE_STRIP = NO;
				DEBUG_INFORMATION_FORMAT = "dwarf-with-dsym";
				ENABLE_NS_ASSERTIONS = NO;
				ENABLE_STRICT_OBJC_MSGSEND = YES;
				GCC_C_LANGUAGE_STANDARD = gnu11;
				GCC_NO_COMMON_BLOCKS = YES;
				GCC_WARN_64_TO_32_BIT_CONVERSION = YES;
				GCC_WARN_ABOUT_RETURN_TYPE = YES_ERROR;
				GCC_WARN_UNDECLARED_SELECTOR = YES;
				GCC_WARN_UNINITIALIZED_AUTOS = YES_AGGRESSIVE;
				GCC_WARN_UNUSED_FUNCTION = YES;
				GCC_WARN_UNUSED_VARIABLE = YES;
				IPHONEOS_DEPLOYMENT_TARGET = 12.4;
				MTL_ENABLE_DEBUG_INFO = NO;
				MTL_FAST_MATH = YES;
				SDKROOT = iphoneos;
				SWIFT_COMPILATION_MODE = wholemodule;
				SWIFT_OPTIMIZATION_LEVEL = "-O";
				VALIDATE_PRODUCT = YES;
			};
			name = Release;
		};
		BDAF2F78231199F00082D3AC /* Debug */ = {
			isa = XCBuildConfiguration;
			buildSettings = {
				ASSETCATALOG_COMPILER_APPICON_NAME = AppIcon;
				CODE_SIGN_STYLE = Automatic;
				DEVELOPMENT_TEAM = 576T8HK6X4;
				INFOPLIST_FILE = StretchHeaderTutirial/Info.plist;
				LD_RUNPATH_SEARCH_PATHS = (
					"$(inherited)",
					"@executable_path/Frameworks",
				);
				PRODUCT_BUNDLE_IDENTIFIER = com.hucet.StretchHeaderTutirial.StretchHeaderTutirial;
				PRODUCT_NAME = "$(TARGET_NAME)";
				SWIFT_VERSION = 5.0;
				TARGETED_DEVICE_FAMILY = "1,2";
			};
			name = Debug;
		};
		BDAF2F79231199F00082D3AC /* Release */ = {
			isa = XCBuildConfiguration;
			buildSettings = {
				ASSETCATALOG_COMPILER_APPICON_NAME = AppIcon;
				CODE_SIGN_STYLE = Automatic;
				DEVELOPMENT_TEAM = 576T8HK6X4;
				INFOPLIST_FILE = StretchHeaderTutirial/Info.plist;
				LD_RUNPATH_SEARCH_PATHS = (
					"$(inherited)",
					"@executable_path/Frameworks",
				);
				PRODUCT_BUNDLE_IDENTIFIER = com.hucet.StretchHeaderTutirial.StretchHeaderTutirial;
				PRODUCT_NAME = "$(TARGET_NAME)";
				SWIFT_VERSION = 5.0;
				TARGETED_DEVICE_FAMILY = "1,2";
			};
			name = Release;
		};
		BDAF2F7B231199F00082D3AC /* Debug */ = {
			isa = XCBuildConfiguration;
			buildSettings = {
				ALWAYS_EMBED_SWIFT_STANDARD_LIBRARIES = YES;
				BUNDLE_LOADER = "$(TEST_HOST)";
				CODE_SIGN_STYLE = Automatic;
				DEVELOPMENT_TEAM = 576T8HK6X4;
				INFOPLIST_FILE = StretchHeaderTutirialTests/Info.plist;
				LD_RUNPATH_SEARCH_PATHS = (
					"$(inherited)",
					"@executable_path/Frameworks",
					"@loader_path/Frameworks",
				);
				PRODUCT_BUNDLE_IDENTIFIER = com.hucet.StretchHeaderTutirial.StretchHeaderTutirialTests;
				PRODUCT_NAME = "$(TARGET_NAME)";
				SWIFT_VERSION = 5.0;
				TARGETED_DEVICE_FAMILY = "1,2";
				TEST_HOST = "$(BUILT_PRODUCTS_DIR)/StretchHeaderTutirial.app/StretchHeaderTutirial";
			};
			name = Debug;
		};
		BDAF2F7C231199F00082D3AC /* Release */ = {
			isa = XCBuildConfiguration;
			buildSettings = {
				ALWAYS_EMBED_SWIFT_STANDARD_LIBRARIES = YES;
				BUNDLE_LOADER = "$(TEST_HOST)";
				CODE_SIGN_STYLE = Automatic;
				DEVELOPMENT_TEAM = 576T8HK6X4;
				INFOPLIST_FILE = StretchHeaderTutirialTests/Info.plist;
				LD_RUNPATH_SEARCH_PATHS = (
					"$(inherited)",
					"@executable_path/Frameworks",
					"@loader_path/Frameworks",
				);
				PRODUCT_BUNDLE_IDENTIFIER = com.hucet.StretchHeaderTutirial.StretchHeaderTutirialTests;
				PRODUCT_NAME = "$(TARGET_NAME)";
				SWIFT_VERSION = 5.0;
				TARGETED_DEVICE_FAMILY = "1,2";
				TEST_HOST = "$(BUILT_PRODUCTS_DIR)/StretchHeaderTutirial.app/StretchHeaderTutirial";
			};
			name = Release;
		};
/* End XCBuildConfiguration section */

/* Begin XCConfigurationList section */
		BDAF2F52231199EE0082D3AC /* Build configuration list for PBXProject "StretchHeaderTutirial" */ = {
			isa = XCConfigurationList;
			buildConfigurations = (
				BDAF2F75231199F00082D3AC /* Debug */,
				BDAF2F76231199F00082D3AC /* Release */,
			);
			defaultConfigurationIsVisible = 0;
			defaultConfigurationName = Release;
		};
		BDAF2F77231199F00082D3AC /* Build configuration list for PBXNativeTarget "StretchHeaderTutirial" */ = {
			isa = XCConfigurationList;
			buildConfigurations = (
				BDAF2F78231199F00082D3AC /* Debug */,
				BDAF2F79231199F00082D3AC /* Release */,
			);
			defaultConfigurationIsVisible = 0;
			defaultConfigurationName = Release;
		};
		BDAF2F7A231199F00082D3AC /* Build configuration list for PBXNativeTarget "StretchHeaderTutirialTests" */ = {
			isa = XCConfigurationList;
			buildConfigurations = (
				BDAF2F7B231199F00082D3AC /* Debug */,
				BDAF2F7C231199F00082D3AC /* Release */,
			);
			defaultConfigurationIsVisible = 0;
			defaultConfigurationName = Release;
		};
/* End XCConfigurationList section */

/* Begin XCVersionGroup section */
		BDAF2F61231199EE0082D3AC /* StretchHeaderTutirial.xcdatamodeld */ = {
			isa = XCVersionGroup;
			children = (
				BDAF2F62231199EE0082D3AC /* StretchHeaderTutirial.xcdatamodel */,
			);
			currentVersion = BDAF2F62231199EE0082D3AC /* StretchHeaderTutirial.xcdatamodel */;
			path = StretchHeaderTutirial.xcdatamodeld;
			sourceTree = "<group>";
			versionGroupType = wrapper.xcdatamodel;
		};
/* End XCVersionGroup section */
	};
	rootObject = BDAF2F4F231199EE0082D3AC /* Project object */;
}
